
Microsoft Visual Studio Solution File, Format Version 12.00
# Visual Studio 15
VisualStudioVersion = 15.0.28307.271
MinimumVisualStudioVersion = 10.0.40219.1
Project("{9A19103F-16F7-4668-BE54-9A1E7A4F7556}") = "VendingMachine", "VendingMachine.csproj", "{143D5B43-9DE0-4A7D-A4D4-EC279870D0CA}"
EndProject
Global
	GlobalSection(SolutionConfigurationPlatforms) = preSolution
		Debug|Any CPU = Debug|Any CPU
		Release|Any CPU = Release|Any CPU
	EndGlobalSection
	GlobalSection(ProjectConfigurationPlatforms) = postSolution
		{143D5B43-9DE0-4A7D-A4D4-EC279870D0CA}.Debug|Any CPU.ActiveCfg = Debug|Any CPU
		{143D5B43-9DE0-4A7D-A4D4-EC279870D0CA}.Debug|Any CPU.Build.0 = Debug|Any CPU
		{143D5B43-9DE0-4A7D-A4D4-EC279870D0CA}.Release|Any CPU.ActiveCfg = Release|Any CPU
		{143D5B43-9DE0-4A7D-A4D4-EC279870D0CA}.Release|Any CPU.Build.0 = Release|Any CPU
	EndGlobalSection
	GlobalSection(SolutionProperties) = preSolution
		HideSolutionNode = FALSE
	EndGlobalSection
	GlobalSection(ExtensibilityGlobals) = postSolution
		SolutionGuid = {FA6E9B17-35D1-478B-BA26-F3FBBB31FE12}
	EndGlobalSection
EndGlobal
